
Microsoft Visual Studio Solution File, Format Version 12.00
# Visual Studio Version 16
VisualStudioVersion = 16.0.29609.76
MinimumVisualStudioVersion = 10.0.40219.1
Project("{FAE04EC0-301F-11D3-BF4B-00C04F79EFBC}") = "Kode", "Kode\Kode.csproj", "{AA3BB756-1BF3-4CB1-AC9F-EA0D2CB29785}"
EndProject
Global
	GlobalSection(SolutionConfigurationPlatforms) = preSolution
		Debug|Any CPU = Debug|Any CPU
		Release|Any CPU = Release|Any CPU
	EndGlobalSection
	GlobalSection(ProjectConfigurationPlatforms) = postSolution
		{AA3BB756-1BF3-4CB1-AC9F-EA0D2CB29785}.Debug|Any CPU.ActiveCfg = Debug|Any CPU
		{AA3BB756-1BF3-4CB1-AC9F-EA0D2CB29785}.Debug|Any CPU.Build.0 = Debug|Any CPU
		{AA3BB756-1BF3-4CB1-AC9F-EA0D2CB29785}.Release|Any CPU.ActiveCfg = Release|Any CPU
		{AA3BB756-1BF3-4CB1-AC9F-EA0D2CB29785}.Release|Any CPU.Build.0 = Release|Any CPU
	EndGlobalSection
	GlobalSection(SolutionProperties) = preSolution
		HideSolutionNode = FALSE
	EndGlobalSection
	GlobalSection(ExtensibilityGlobals) = postSolution
		SolutionGuid = {CE631466-F86B-4E07-977C-08419C91DA79}
	EndGlobalSection
EndGlobal
